<?xml version="1.0" encoding="utf-8"?>
<Project ToolsVersion="4.0" xmlns="http://schemas.microsoft.com/developer/msbuild/2003">
  <ItemGroup>
    <Filter Include="Header Files">
      <UniqueIdentifier>{93995380-89BD-4b04-88EB-625FBE52EBFB}</UniqueIdentifier>
      <Extensions>h;hpp;hxx;hm;inl;inc;xsd</Extensions>
    </Filter>
    <Filter Include="Resource Files">
      <UniqueIdentifier>{67DA6AB6-F800-4c08-8B7A-83BB121AAD01}</UniqueIdentifier>
      <Extensions>rc;ico;cur;bmp;dlg;rc2;rct;bin;rgs;gif;jpg;jpeg;jpe;resx</Extensions>
    </Filter>
    <Filter Include="Source Files">
      <UniqueIdentifier>{4FC737F1-C7A5-4376-A066-2A32D752A2FF}</UniqueIdentifier>
      <Extensions>cpp;c;cc;cxx;def;odl;idl;hpj;bat;asm;asmx</Extensions>
    </Filter>
  </ItemGroup>
  <ItemGroup>
    <ClInclude Include="ADVCAVE.H">
      <Filter>Header Files</Filter>
    </ClInclude>
    <ClInclude Include="ADVDEC.H">
      <Filter>Header Files</Filter>
    </ClInclude>
    <ClInclude Include="ADVDEF.H">
      <Filter>Header Files</Filter>
    </ClInclude>
    <ClInclude Include="ADVENT.H">
      <Filter>Header Files</Filter>
    </ClInclude>
    <ClInclude Include="advtext.h">
      <Filter>Header Files</Filter>
    </ClInclude>
    <ClInclude Include="ADVWORD.H">
      <Filter>Header Files</Filter>
    </ClInclude>
    <ClInclude Include="database.h">
      <Filter>Header Files</Filter>
    </ClInclude>
    <ClInclude Include="english.h">
      <Filter>Header Files</Filter>
    </ClInclude>
    <ClInclude Include="itverb.h">
      <Filter>Header Files</Filter>
    </ClInclude>
    <ClInclude Include="Printing.h">
      <Filter>Header Files</Filter>
    </ClInclude>
    <ClInclude Include="Resource.h">
      <Filter>Header Files</Filter>
    </ClInclude>
    <ClInclude Include="turn.h">
      <Filter>Header Files</Filter>
    </ClInclude>
    <ClInclude Include="verb.h">
      <Filter>Header Files</Filter>
    </ClInclude>
  </ItemGroup>
  <ItemGroup>
    <ClCompile Include="ADVENT.cpp">
      <Filter>Source Files</Filter>
    </ClCompile>
    <ClCompile Include="DATABASE.cpp">
      <Filter>Source Files</Filter>
    </ClCompile>
    <ClCompile Include="ENGLISH.cpp">
      <Filter>Source Files</Filter>
    </ClCompile>
    <ClCompile Include="ITVERB.cpp">
      <Filter>Source Files</Filter>
    </ClCompile>
    <ClCompile Include="printing.cpp">
      <Filter>Source Files</Filter>
    </ClCompile>
    <ClCompile Include="TURN.cpp">
      <Filter>Source Files</Filter>
    </ClCompile>
    <ClCompile Include="VERB.cpp">
      <Filter>Source Files</Filter>
    </ClCompile>
  </ItemGroup>
</Project>